
Microsoft Visual Studio Solution File, Format Version 12.00
# Visual Studio 14
VisualStudioVersion = 14.0.25420.1
MinimumVisualStudioVersion = 10.0.40219.1
Project("{FAE04EC0-301F-11D3-BF4B-00C04F79EFBC}") = "WhenToDig83.Droid", "WhenToDig83\WhenToDig83.Droid\WhenToDig83.Droid.csproj", "{F71C91B8-2123-48A5-9FB7-47C4EDBCD9BB}"
EndProject
Project("{FAE04EC0-301F-11D3-BF4B-00C04F79EFBC}") = "WhenToDig83.iOS", "WhenToDig83\WhenToDig83.iOS\WhenToDig83.iOS.csproj", "{964ECCB2-DE6B-43FB-93C3-E70AD35B1B62}"
EndProject
Project("{FAE04EC0-301F-11D3-BF4B-00C04F79EFBC}") = "WhenToDig83.WinPhone", "WhenToDig83\WhenToDig83.WinPhone\WhenToDig83.WinPhone.csproj", "{5BA190CD-6580-4BFD-B643-3E08479C7F59}"
EndProject
Project("{FAE04EC0-301F-11D3-BF4B-00C04F79EFBC}") = "WhenToDig83.UWP", "WhenToDig83\WhenToDig83.UWP\WhenToDig83.UWP.csproj", "{E0630992-F5C2-464D-A88F-C1CB70EDB996}"
EndProject
Project("{FAE04EC0-301F-11D3-BF4B-00C04F79EFBC}") = "WhenToDig83.Windows", "WhenToDig83\WhenToDig83.Windows\WhenToDig83.Windows.csproj", "{4C333D28-7E63-4A53-9D0A-EF9B05A81566}"
EndProject
Project("{FAE04EC0-301F-11D3-BF4B-00C04F79EFBC}") = "WhenToDig83", "WhenToDig83\WhenToDig83\WhenToDig83.csproj", "{7A392CFA-C758-4B0C-833E-8C210E7354E5}"
EndProject
Global
	GlobalSection(SolutionConfigurationPlatforms) = preSolution
		Ad-Hoc|Any CPU = Ad-Hoc|Any CPU
		Ad-Hoc|ARM = Ad-Hoc|ARM
		Ad-Hoc|iPhone = Ad-Hoc|iPhone
		Ad-Hoc|iPhoneSimulator = Ad-Hoc|iPhoneSimulator
		Ad-Hoc|x64 = Ad-Hoc|x64
		Ad-Hoc|x86 = Ad-Hoc|x86
		AppStore|Any CPU = AppStore|Any CPU
		AppStore|ARM = AppStore|ARM
		AppStore|iPhone = AppStore|iPhone
		AppStore|iPhoneSimulator = AppStore|iPhoneSimulator
		AppStore|x64 = AppStore|x64
		AppStore|x86 = AppStore|x86
		Debug|Any CPU = Debug|Any CPU
		Debug|ARM = Debug|ARM
		Debug|iPhone = Debug|iPhone
		Debug|iPhoneSimulator = Debug|iPhoneSimulator
		Debug|x64 = Debug|x64
		Debug|x86 = Debug|x86
		Release|Any CPU = Release|Any CPU
		Release|ARM = Release|ARM
		Release|iPhone = Release|iPhone
		Release|iPhoneSimulator = Release|iPhoneSimulator
		Release|x64 = Release|x64
		Release|x86 = Release|x86
	EndGlobalSection
	GlobalSection(ProjectConfigurationPlatforms) = postSolution
		{F71C91B8-2123-48A5-9FB7-47C4EDBCD9BB}.Ad-Hoc|Any CPU.ActiveCfg = Release|Any CPU
		{F71C91B8-2123-48A5-9FB7-47C4EDBCD9BB}.Ad-Hoc|Any CPU.Build.0 = Release|Any CPU
		{F71C91B8-2123-48A5-9FB7-47C4EDBCD9BB}.Ad-Hoc|Any CPU.Deploy.0 = Release|Any CPU
		{F71C91B8-2123-48A5-9FB7-47C4EDBCD9BB}.Ad-Hoc|ARM.ActiveCfg = Release|Any CPU
		{F71C91B8-2123-48A5-9FB7-47C4EDBCD9BB}.Ad-Hoc|ARM.Build.0 = Release|Any CPU
		{F71C91B8-2123-48A5-9FB7-47C4EDBCD9BB}.Ad-Hoc|ARM.Deploy.0 = Release|Any CPU
		{F71C91B8-2123-48A5-9FB7-47C4EDBCD9BB}.Ad-Hoc|iPhone.ActiveCfg = Release|Any CPU
		{F71C91B8-2123-48A5-9FB7-47C4EDBCD9BB}.Ad-Hoc|iPhone.Build.0 = Release|Any CPU
		{F71C91B8-2123-48A5-9FB7-47C4EDBCD9BB}.Ad-Hoc|iPhone.Deploy.0 = Release|Any CPU
		{F71C91B8-2123-48A5-9FB7-47C4EDBCD9BB}.Ad-Hoc|iPhoneSimulator.ActiveCfg = Release|Any CPU
		{F71C91B8-2123-48A5-9FB7-47C4EDBCD9BB}.Ad-Hoc|iPhoneSimulator.Build.0 = Release|Any CPU
		{F71C91B8-2123-48A5-9FB7-47C4EDBCD9BB}.Ad-Hoc|iPhoneSimulator.Deploy.0 = Release|Any CPU
		{F71C91B8-2123-48A5-9FB7-47C4EDBCD9BB}.Ad-Hoc|x64.ActiveCfg = Release|Any CPU
		{F71C91B8-2123-48A5-9FB7-47C4EDBCD9BB}.Ad-Hoc|x64.Build.0 = Release|Any CPU
		{F71C91B8-2123-48A5-9FB7-47C4EDBCD9BB}.Ad-Hoc|x64.Deploy.0 = Release|Any CPU
		{F71C91B8-2123-48A5-9FB7-47C4EDBCD9BB}.Ad-Hoc|x86.ActiveCfg = Release|Any CPU
		{F71C91B8-2123-48A5-9FB7-47C4EDBCD9BB}.Ad-Hoc|x86.Build.0 = Release|Any CPU
		{F71C91B8-2123-48A5-9FB7-47C4EDBCD9BB}.Ad-Hoc|x86.Deploy.0 = Release|Any CPU
		{F71C91B8-2123-48A5-9FB7-47C4EDBCD9BB}.AppStore|Any CPU.ActiveCfg = Release|Any CPU
		{F71C91B8-2123-48A5-9FB7-47C4EDBCD9BB}.AppStore|Any CPU.Build.0 = Release|Any CPU
		{F71C91B8-2123-48A5-9FB7-47C4EDBCD9BB}.AppStore|Any CPU.Deploy.0 = Release|Any CPU
		{F71C91B8-2123-48A5-9FB7-47C4EDBCD9BB}.AppStore|ARM.ActiveCfg = Release|Any CPU
		{F71C91B8-2123-48A5-9FB7-47C4EDBCD9BB}.AppStore|ARM.Build.0 = Release|Any CPU
		{F71C91B8-2123-48A5-9FB7-47C4EDBCD9BB}.AppStore|ARM.Deploy.0 = Release|Any CPU
		{F71C91B8-2123-48A5-9FB7-47C4EDBCD9BB}.AppStore|iPhone.ActiveCfg = Release|Any CPU
		{F71C91B8-2123-48A5-9FB7-47C4EDBCD9BB}.AppStore|iPhone.Build.0 = Release|Any CPU
		{F71C91B8-2123-48A5-9FB7-47C4EDBCD9BB}.AppStore|iPhone.Deploy.0 = Release|Any CPU
		{F71C91B8-2123-48A5-9FB7-47C4EDBCD9BB}.AppStore|iPhoneSimulator.ActiveCfg = Release|Any CPU
		{F71C91B8-2123-48A5-9FB7-47C4EDBCD9BB}.AppStore|iPhoneSimulator.Build.0 = Release|Any CPU
		{F71C91B8-2123-48A5-9FB7-47C4EDBCD9BB}.AppStore|iPhoneSimulator.Deploy.0 = Release|Any CPU
		{F71C91B8-2123-48A5-9FB7-47C4EDBCD9BB}.AppStore|x64.ActiveCfg = Release|Any CPU
		{F71C91B8-2123-48A5-9FB7-47C4EDBCD9BB}.AppStore|x64.Build.0 = Release|Any CPU
		{F71C91B8-2123-48A5-9FB7-47C4EDBCD9BB}.AppStore|x64.Deploy.0 = Release|Any CPU
		{F71C91B8-2123-48A5-9FB7-47C4EDBCD9BB}.AppStore|x86.ActiveCfg = Release|Any CPU
		{F71C91B8-2123-48A5-9FB7-47C4EDBCD9BB}.AppStore|x86.Build.0 = Release|Any CPU
		{F71C91B8-2123-48A5-9FB7-47C4EDBCD9BB}.AppStore|x86.Deploy.0 = Release|Any CPU
		{F71C91B8-2123-48A5-9FB7-47C4EDBCD9BB}.Debug|Any CPU.ActiveCfg = Debug|Any CPU
		{F71C91B8-2123-48A5-9FB7-47C4EDBCD9BB}.Debug|Any CPU.Build.0 = Debug|Any CPU
		{F71C91B8-2123-48A5-9FB7-47C4EDBCD9BB}.Debug|Any CPU.Deploy.0 = Debug|Any CPU
		{F71C91B8-2123-48A5-9FB7-47C4EDBCD9BB}.Debug|ARM.ActiveCfg = Debug|Any CPU
		{F71C91B8-2123-48A5-9FB7-47C4EDBCD9BB}.Debug|ARM.Build.0 = Debug|Any CPU
		{F71C91B8-2123-48A5-9FB7-47C4EDBCD9BB}.Debug|ARM.Deploy.0 = Debug|Any CPU
		{F71C91B8-2123-48A5-9FB7-47C4EDBCD9BB}.Debug|iPhone.ActiveCfg = Debug|Any CPU
		{F71C91B8-2123-48A5-9FB7-47C4EDBCD9BB}.Debug|iPhone.Build.0 = Debug|Any CPU
		{F71C91B8-2123-48A5-9FB7-47C4EDBCD9BB}.Debug|iPhone.Deploy.0 = Debug|Any CPU
		{F71C91B8-2123-48A5-9FB7-47C4EDBCD9BB}.Debug|iPhoneSimulator.ActiveCfg = Debug|Any CPU
		{F71C91B8-2123-48A5-9FB7-47C4EDBCD9BB}.Debug|iPhoneSimulator.Build.0 = Debug|Any CPU
		{F71C91B8-2123-48A5-9FB7-47C4EDBCD9BB}.Debug|iPhoneSimulator.Deploy.0 = Debug|Any CPU
		{F71C91B8-2123-48A5-9FB7-47C4EDBCD9BB}.Debug|x64.ActiveCfg = Debug|Any CPU
		{F71C91B8-2123-48A5-9FB7-47C4EDBCD9BB}.Debug|x64.Build.0 = Debug|Any CPU
		{F71C91B8-2123-48A5-9FB7-47C4EDBCD9BB}.Debug|x64.Deploy.0 = Debug|Any CPU
		{F71C91B8-2123-48A5-9FB7-47C4EDBCD9BB}.Debug|x86.ActiveCfg = Debug|Any CPU
		{F71C91B8-2123-48A5-9FB7-47C4EDBCD9BB}.Debug|x86.Build.0 = Debug|Any CPU
		{F71C91B8-2123-48A5-9FB7-47C4EDBCD9BB}.Debug|x86.Deploy.0 = Debug|Any CPU
		{F71C91B8-2123-48A5-9FB7-47C4EDBCD9BB}.Release|Any CPU.ActiveCfg = Release|Any CPU
		{F71C91B8-2123-48A5-9FB7-47C4EDBCD9BB}.Release|Any CPU.Build.0 = Release|Any CPU
		{F71C91B8-2123-48A5-9FB7-47C4EDBCD9BB}.Release|Any CPU.Deploy.0 = Release|Any CPU
		{F71C91B8-2123-48A5-9FB7-47C4EDBCD9BB}.Release|ARM.ActiveCfg = Release|Any CPU
		{F71C91B8-2123-48A5-9FB7-47C4EDBCD9BB}.Release|ARM.Build.0 = Release|Any CPU
		{F71C91B8-2123-48A5-9FB7-47C4EDBCD9BB}.Release|ARM.Deploy.0 = Release|Any CPU
		{F71C91B8-2123-48A5-9FB7-47C4EDBCD9BB}.Release|iPhone.ActiveCfg = Release|Any CPU
		{F71C91B8-2123-48A5-9FB7-47C4EDBCD9BB}.Release|iPhone.Build.0 = Release|Any CPU
		{F71C91B8-2123-48A5-9FB7-47C4EDBCD9BB}.Release|iPhone.Deploy.0 = Release|Any CPU
		{F71C91B8-2123-48A5-9FB7-47C4EDBCD9BB}.Release|iPhoneSimulator.ActiveCfg = Release|Any CPU
		{F71C91B8-2123-48A5-9FB7-47C4EDBCD9BB}.Release|iPhoneSimulator.Build.0 = Release|Any CPU
		{F71C91B8-2123-48A5-9FB7-47C4EDBCD9BB}.Release|iPhoneSimulator.Deploy.0 = Release|Any CPU
		{F71C91B8-2123-48A5-9FB7-47C4EDBCD9BB}.Release|x64.ActiveCfg = Release|Any CPU
		{F71C91B8-2123-48A5-9FB7-47C4EDBCD9BB}.Release|x64.Build.0 = Release|Any CPU
		{F71C91B8-2123-48A5-9FB7-47C4EDBCD9BB}.Release|x64.Deploy.0 = Release|Any CPU
		{F71C91B8-2123-48A5-9FB7-47C4EDBCD9BB}.Release|x86.ActiveCfg = Release|Any CPU
		{F71C91B8-2123-48A5-9FB7-47C4EDBCD9BB}.Release|x86.Build.0 = Release|Any CPU
		{F71C91B8-2123-48A5-9FB7-47C4EDBCD9BB}.Release|x86.Deploy.0 = Release|Any CPU
		{964ECCB2-DE6B-43FB-93C3-E70AD35B1B62}.Ad-Hoc|Any CPU.ActiveCfg = Ad-Hoc|iPhone
		{964ECCB2-DE6B-43FB-93C3-E70AD35B1B62}.Ad-Hoc|ARM.ActiveCfg = Ad-Hoc|iPhone
		{964ECCB2-DE6B-43FB-93C3-E70AD35B1B62}.Ad-Hoc|iPhone.ActiveCfg = Ad-Hoc|iPhone
		{964ECCB2-DE6B-43FB-93C3-E70AD35B1B62}.Ad-Hoc|iPhone.Build.0 = Ad-Hoc|iPhone
		{964ECCB2-DE6B-43FB-93C3-E70AD35B1B62}.Ad-Hoc|iPhoneSimulator.ActiveCfg = Ad-Hoc|iPhoneSimulator
		{964ECCB2-DE6B-43FB-93C3-E70AD35B1B62}.Ad-Hoc|iPhoneSimulator.Build.0 = Ad-Hoc|iPhoneSimulator
		{964ECCB2-DE6B-43FB-93C3-E70AD35B1B62}.Ad-Hoc|x64.ActiveCfg = Ad-Hoc|iPhone
		{964ECCB2-DE6B-43FB-93C3-E70AD35B1B62}.Ad-Hoc|x86.ActiveCfg = Ad-Hoc|iPhone
		{964ECCB2-DE6B-43FB-93C3-E70AD35B1B62}.AppStore|Any CPU.ActiveCfg = AppStore|iPhone
		{964ECCB2-DE6B-43FB-93C3-E70AD35B1B62}.AppStore|ARM.ActiveCfg = AppStore|iPhone
		{964ECCB2-DE6B-43FB-93C3-E70AD35B1B62}.AppStore|iPhone.ActiveCfg = AppStore|iPhone
		{964ECCB2-DE6B-43FB-93C3-E70AD35B1B62}.AppStore|iPhone.Build.0 = AppStore|iPhone
		{964ECCB2-DE6B-43FB-93C3-E70AD35B1B62}.AppStore|iPhoneSimulator.ActiveCfg = AppStore|iPhoneSimulator
		{964ECCB2-DE6B-43FB-93C3-E70AD35B1B62}.AppStore|iPhoneSimulator.Build.0 = AppStore|iPhoneSimulator
		{964ECCB2-DE6B-43FB-93C3-E70AD35B1B62}.AppStore|x64.ActiveCfg = AppStore|iPhone
		{964ECCB2-DE6B-43FB-93C3-E70AD35B1B62}.AppStore|x86.ActiveCfg = AppStore|iPhone
		{964ECCB2-DE6B-43FB-93C3-E70AD35B1B62}.Debug|Any CPU.ActiveCfg = Debug|iPhone
		{964ECCB2-DE6B-43FB-93C3-E70AD35B1B62}.Debug|ARM.ActiveCfg = Debug|iPhone
		{964ECCB2-DE6B-43FB-93C3-E70AD35B1B62}.Debug|iPhone.ActiveCfg = Debug|iPhone
		{964ECCB2-DE6B-43FB-93C3-E70AD35B1B62}.Debug|iPhone.Build.0 = Debug|iPhone
		{964ECCB2-DE6B-43FB-93C3-E70AD35B1B62}.Debug|iPhoneSimulator.ActiveCfg = Debug|iPhoneSimulator
		{964ECCB2-DE6B-43FB-93C3-E70AD35B1B62}.Debug|iPhoneSimulator.Build.0 = Debug|iPhoneSimulator
		{964ECCB2-DE6B-43FB-93C3-E70AD35B1B62}.Debug|x64.ActiveCfg = Debug|iPhone
		{964ECCB2-DE6B-43FB-93C3-E70AD35B1B62}.Debug|x86.ActiveCfg = Debug|iPhone
		{964ECCB2-DE6B-43FB-93C3-E70AD35B1B62}.Release|Any CPU.ActiveCfg = Release|iPhone
		{964ECCB2-DE6B-43FB-93C3-E70AD35B1B62}.Release|ARM.ActiveCfg = Release|iPhone
		{964ECCB2-DE6B-43FB-93C3-E70AD35B1B62}.Release|iPhone.ActiveCfg = Release|iPhone
		{964ECCB2-DE6B-43FB-93C3-E70AD35B1B62}.Release|iPhone.Build.0 = Release|iPhone
		{964ECCB2-DE6B-43FB-93C3-E70AD35B1B62}.Release|iPhoneSimulator.ActiveCfg = Release|iPhoneSimulator
		{964ECCB2-DE6B-43FB-93C3-E70AD35B1B62}.Release|iPhoneSimulator.Build.0 = Release|iPhoneSimulator
		{964ECCB2-DE6B-43FB-93C3-E70AD35B1B62}.Release|x64.ActiveCfg = Release|iPhone
		{964ECCB2-DE6B-43FB-93C3-E70AD35B1B62}.Release|x86.ActiveCfg = Release|iPhone
		{5BA190CD-6580-4BFD-B643-3E08479C7F59}.Ad-Hoc|Any CPU.ActiveCfg = Release|Any CPU
		{5BA190CD-6580-4BFD-B643-3E08479C7F59}.Ad-Hoc|Any CPU.Build.0 = Release|Any CPU
		{5BA190CD-6580-4BFD-B643-3E08479C7F59}.Ad-Hoc|Any CPU.Deploy.0 = Release|Any CPU
		{5BA190CD-6580-4BFD-B643-3E08479C7F59}.Ad-Hoc|ARM.ActiveCfg = Release|ARM
		{5BA190CD-6580-4BFD-B643-3E08479C7F59}.Ad-Hoc|ARM.Build.0 = Release|ARM
		{5BA190CD-6580-4BFD-B643-3E08479C7F59}.Ad-Hoc|ARM.Deploy.0 = Release|ARM
		{5BA190CD-6580-4BFD-B643-3E08479C7F59}.Ad-Hoc|iPhone.ActiveCfg = Release|Any CPU
		{5BA190CD-6580-4BFD-B643-3E08479C7F59}.Ad-Hoc|iPhone.Build.0 = Release|Any CPU
		{5BA190CD-6580-4BFD-B643-3E08479C7F59}.Ad-Hoc|iPhone.Deploy.0 = Release|Any CPU
		{5BA190CD-6580-4BFD-B643-3E08479C7F59}.Ad-Hoc|iPhoneSimulator.ActiveCfg = Release|Any CPU
		{5BA190CD-6580-4BFD-B643-3E08479C7F59}.Ad-Hoc|iPhoneSimulator.Build.0 = Release|Any CPU
		{5BA190CD-6580-4BFD-B643-3E08479C7F59}.Ad-Hoc|iPhoneSimulator.Deploy.0 = Release|Any CPU
		{5BA190CD-6580-4BFD-B643-3E08479C7F59}.Ad-Hoc|x64.ActiveCfg = Release|Any CPU
		{5BA190CD-6580-4BFD-B643-3E08479C7F59}.Ad-Hoc|x64.Build.0 = Release|Any CPU
		{5BA190CD-6580-4BFD-B643-3E08479C7F59}.Ad-Hoc|x64.Deploy.0 = Release|Any CPU
		{5BA190CD-6580-4BFD-B643-3E08479C7F59}.Ad-Hoc|x86.ActiveCfg = Release|x86
		{5BA190CD-6580-4BFD-B643-3E08479C7F59}.Ad-Hoc|x86.Build.0 = Release|x86
		{5BA190CD-6580-4BFD-B643-3E08479C7F59}.Ad-Hoc|x86.Deploy.0 = Release|x86
		{5BA190CD-6580-4BFD-B643-3E08479C7F59}.AppStore|Any CPU.ActiveCfg = Release|Any CPU
		{5BA190CD-6580-4BFD-B643-3E08479C7F59}.AppStore|Any CPU.Build.0 = Release|Any CPU
		{5BA190CD-6580-4BFD-B643-3E08479C7F59}.AppStore|Any CPU.Deploy.0 = Release|Any CPU
		{5BA190CD-6580-4BFD-B643-3E08479C7F59}.AppStore|ARM.ActiveCfg = Release|ARM
		{5BA190CD-6580-4BFD-B643-3E08479C7F59}.AppStore|ARM.Build.0 = Release|ARM
		{5BA190CD-6580-4BFD-B643-3E08479C7F59}.AppStore|ARM.Deploy.0 = Release|ARM
		{5BA190CD-6580-4BFD-B643-3E08479C7F59}.AppStore|iPhone.ActiveCfg = Release|Any CPU
		{5BA190CD-6580-4BFD-B643-3E08479C7F59}.AppStore|iPhone.Build.0 = Release|Any CPU
		{5BA190CD-6580-4BFD-B643-3E08479C7F59}.AppStore|iPhone.Deploy.0 = Release|Any CPU
		{5BA190CD-6580-4BFD-B643-3E08479C7F59}.AppStore|iPhoneSimulator.ActiveCfg = Release|Any CPU
		{5BA190CD-6580-4BFD-B643-3E08479C7F59}.AppStore|iPhoneSimulator.Build.0 = Release|Any CPU
		{5BA190CD-6580-4BFD-B643-3E08479C7F59}.AppStore|iPhoneSimulator.Deploy.0 = Release|Any CPU
		{5BA190CD-6580-4BFD-B643-3E08479C7F59}.AppStore|x64.ActiveCfg = Release|Any CPU
		{5BA190CD-6580-4BFD-B643-3E08479C7F59}.AppStore|x64.Build.0 = Release|Any CPU
		{5BA190CD-6580-4BFD-B643-3E08479C7F59}.AppStore|x64.Deploy.0 = Release|Any CPU
		{5BA190CD-6580-4BFD-B643-3E08479C7F59}.AppStore|x86.ActiveCfg = Release|x86
		{5BA190CD-6580-4BFD-B643-3E08479C7F59}.AppStore|x86.Build.0 = Release|x86
		{5BA190CD-6580-4BFD-B643-3E08479C7F59}.AppStore|x86.Deploy.0 = Release|x86
		{5BA190CD-6580-4BFD-B643-3E08479C7F59}.Debug|Any CPU.ActiveCfg = Debug|Any CPU
		{5BA190CD-6580-4BFD-B643-3E08479C7F59}.Debug|Any CPU.Build.0 = Debug|Any CPU
		{5BA190CD-6580-4BFD-B643-3E08479C7F59}.Debug|Any CPU.Deploy.0 = Debug|Any CPU
		{5BA190CD-6580-4BFD-B643-3E08479C7F59}.Debug|ARM.ActiveCfg = Debug|ARM
		{5BA190CD-6580-4BFD-B643-3E08479C7F59}.Debug|ARM.Build.0 = Debug|ARM
		{5BA190CD-6580-4BFD-B643-3E08479C7F59}.Debug|ARM.Deploy.0 = Debug|ARM
		{5BA190CD-6580-4BFD-B643-3E08479C7F59}.Debug|iPhone.ActiveCfg = Debug|Any CPU
		{5BA190CD-6580-4BFD-B643-3E08479C7F59}.Debug|iPhone.Build.0 = Debug|Any CPU
		{5BA190CD-6580-4BFD-B643-3E08479C7F59}.Debug|iPhone.Deploy.0 = Debug|Any CPU
		{5BA190CD-6580-4BFD-B643-3E08479C7F59}.Debug|iPhoneSimulator.ActiveCfg = Debug|Any CPU
		{5BA190CD-6580-4BFD-B643-3E08479C7F59}.Debug|iPhoneSimulator.Build.0 = Debug|Any CPU
		{5BA190CD-6580-4BFD-B643-3E08479C7F59}.Debug|iPhoneSimulator.Deploy.0 = Debug|Any CPU
		{5BA190CD-6580-4BFD-B643-3E08479C7F59}.Debug|x64.ActiveCfg = Debug|Any CPU
		{5BA190CD-6580-4BFD-B643-3E08479C7F59}.Debug|x64.Build.0 = Debug|Any CPU
		{5BA190CD-6580-4BFD-B643-3E08479C7F59}.Debug|x64.Deploy.0 = Debug|Any CPU
		{5BA190CD-6580-4BFD-B643-3E08479C7F59}.Debug|x86.ActiveCfg = Debug|x86
		{5BA190CD-6580-4BFD-B643-3E08479C7F59}.Debug|x86.Build.0 = Debug|x86
		{5BA190CD-6580-4BFD-B643-3E08479C7F59}.Debug|x86.Deploy.0 = Debug|x86
		{5BA190CD-6580-4BFD-B643-3E08479C7F59}.Release|Any CPU.ActiveCfg = Release|Any CPU
		{5BA190CD-6580-4BFD-B643-3E08479C7F59}.Release|Any CPU.Build.0 = Release|Any CPU
		{5BA190CD-6580-4BFD-B643-3E08479C7F59}.Release|Any CPU.Deploy.0 = Release|Any CPU
		{5BA190CD-6580-4BFD-B643-3E08479C7F59}.Release|ARM.ActiveCfg = Release|ARM
		{5BA190CD-6580-4BFD-B643-3E08479C7F59}.Release|ARM.Build.0 = Release|ARM
		{5BA190CD-6580-4BFD-B643-3E08479C7F59}.Release|ARM.Deploy.0 = Release|ARM
		{5BA190CD-6580-4BFD-B643-3E08479C7F59}.Release|iPhone.ActiveCfg = Release|Any CPU
		{5BA190CD-6580-4BFD-B643-3E08479C7F59}.Release|iPhone.Build.0 = Release|Any CPU
		{5BA190CD-6580-4BFD-B643-3E08479C7F59}.Release|iPhone.Deploy.0 = Release|Any CPU
		{5BA190CD-6580-4BFD-B643-3E08479C7F59}.Release|iPhoneSimulator.ActiveCfg = Release|Any CPU
		{5BA190CD-6580-4BFD-B643-3E08479C7F59}.Release|iPhoneSimulator.Build.0 = Release|Any CPU
		{5BA190CD-6580-4BFD-B643-3E08479C7F59}.Release|iPhoneSimulator.Deploy.0 = Release|Any CPU
		{5BA190CD-6580-4BFD-B643-3E08479C7F59}.Release|x64.ActiveCfg = Release|Any CPU
		{5BA190CD-6580-4BFD-B643-3E08479C7F59}.Release|x64.Build.0 = Release|Any CPU
		{5BA190CD-6580-4BFD-B643-3E08479C7F59}.Release|x64.Deploy.0 = Release|Any CPU
		{5BA190CD-6580-4BFD-B643-3E08479C7F59}.Release|x86.ActiveCfg = Release|x86
		{5BA190CD-6580-4BFD-B643-3E08479C7F59}.Release|x86.Build.0 = Release|x86
		{5BA190CD-6580-4BFD-B643-3E08479C7F59}.Release|x86.Deploy.0 = Release|x86
		{E0630992-F5C2-464D-A88F-C1CB70EDB996}.Ad-Hoc|Any CPU.ActiveCfg = Release|x86
		{E0630992-F5C2-464D-A88F-C1CB70EDB996}.Ad-Hoc|Any CPU.Build.0 = Release|x86
		{E0630992-F5C2-464D-A88F-C1CB70EDB996}.Ad-Hoc|Any CPU.Deploy.0 = Release|x86
		{E0630992-F5C2-464D-A88F-C1CB70EDB996}.Ad-Hoc|ARM.ActiveCfg = Release|ARM
		{E0630992-F5C2-464D-A88F-C1CB70EDB996}.Ad-Hoc|ARM.Build.0 = Release|ARM
		{E0630992-F5C2-464D-A88F-C1CB70EDB996}.Ad-Hoc|ARM.Deploy.0 = Release|ARM
		{E0630992-F5C2-464D-A88F-C1CB70EDB996}.Ad-Hoc|iPhone.ActiveCfg = Release|x86
		{E0630992-F5C2-464D-A88F-C1CB70EDB996}.Ad-Hoc|iPhone.Build.0 = Release|x86
		{E0630992-F5C2-464D-A88F-C1CB70EDB996}.Ad-Hoc|iPhone.Deploy.0 = Release|x86
		{E0630992-F5C2-464D-A88F-C1CB70EDB996}.Ad-Hoc|iPhoneSimulator.ActiveCfg = Release|x86
		{E0630992-F5C2-464D-A88F-C1CB70EDB996}.Ad-Hoc|iPhoneSimulator.Build.0 = Release|x86
		{E0630992-F5C2-464D-A88F-C1CB70EDB996}.Ad-Hoc|iPhoneSimulator.Deploy.0 = Release|x86
		{E0630992-F5C2-464D-A88F-C1CB70EDB996}.Ad-Hoc|x64.ActiveCfg = Release|x64
		{E0630992-F5C2-464D-A88F-C1CB70EDB996}.Ad-Hoc|x64.Build.0 = Release|x64
		{E0630992-F5C2-464D-A88F-C1CB70EDB996}.Ad-Hoc|x64.Deploy.0 = Release|x64
		{E0630992-F5C2-464D-A88F-C1CB70EDB996}.Ad-Hoc|x86.ActiveCfg = Release|x86
		{E0630992-F5C2-464D-A88F-C1CB70EDB996}.Ad-Hoc|x86.Build.0 = Release|x86
		{E0630992-F5C2-464D-A88F-C1CB70EDB996}.Ad-Hoc|x86.Deploy.0 = Release|x86
		{E0630992-F5C2-464D-A88F-C1CB70EDB996}.AppStore|Any CPU.ActiveCfg = Release|x86
		{E0630992-F5C2-464D-A88F-C1CB70EDB996}.AppStore|Any CPU.Build.0 = Release|x86
		{E0630992-F5C2-464D-A88F-C1CB70EDB996}.AppStore|Any CPU.Deploy.0 = Release|x86
		{E0630992-F5C2-464D-A88F-C1CB70EDB996}.AppStore|ARM.ActiveCfg = Release|ARM
		{E0630992-F5C2-464D-A88F-C1CB70EDB996}.AppStore|ARM.Build.0 = Release|ARM
		{E0630992-F5C2-464D-A88F-C1CB70EDB996}.AppStore|ARM.Deploy.0 = Release|ARM
		{E0630992-F5C2-464D-A88F-C1CB70EDB996}.AppStore|iPhone.ActiveCfg = Release|x86
		{E0630992-F5C2-464D-A88F-C1CB70EDB996}.AppStore|iPhone.Build.0 = Release|x86
		{E0630992-F5C2-464D-A88F-C1CB70EDB996}.AppStore|iPhone.Deploy.0 = Release|x86
		{E0630992-F5C2-464D-A88F-C1CB70EDB996}.AppStore|iPhoneSimulator.ActiveCfg = Release|x86
		{E0630992-F5C2-464D-A88F-C1CB70EDB996}.AppStore|iPhoneSimulator.Build.0 = Release|x86
		{E0630992-F5C2-464D-A88F-C1CB70EDB996}.AppStore|iPhoneSimulator.Deploy.0 = Release|x86
		{E0630992-F5C2-464D-A88F-C1CB70EDB996}.AppStore|x64.ActiveCfg = Release|x64
		{E0630992-F5C2-464D-A88F-C1CB70EDB996}.AppStore|x64.Build.0 = Release|x64
		{E0630992-F5C2-464D-A88F-C1CB70EDB996}.AppStore|x64.Deploy.0 = Release|x64
		{E0630992-F5C2-464D-A88F-C1CB70EDB996}.AppStore|x86.ActiveCfg = Release|x86
		{E0630992-F5C2-464D-A88F-C1CB70EDB996}.AppStore|x86.Build.0 = Release|x86
		{E0630992-F5C2-464D-A88F-C1CB70EDB996}.AppStore|x86.Deploy.0 = Release|x86
		{E0630992-F5C2-464D-A88F-C1CB70EDB996}.Debug|Any CPU.ActiveCfg = Debug|x86
		{E0630992-F5C2-464D-A88F-C1CB70EDB996}.Debug|ARM.ActiveCfg = Debug|ARM
		{E0630992-F5C2-464D-A88F-C1CB70EDB996}.Debug|ARM.Build.0 = Debug|ARM
		{E0630992-F5C2-464D-A88F-C1CB70EDB996}.Debug|ARM.Deploy.0 = Debug|ARM
		{E0630992-F5C2-464D-A88F-C1CB70EDB996}.Debug|iPhone.ActiveCfg = Debug|x86
		{E0630992-F5C2-464D-A88F-C1CB70EDB996}.Debug|iPhoneSimulator.ActiveCfg = Debug|x86
		{E0630992-F5C2-464D-A88F-C1CB70EDB996}.Debug|x64.ActiveCfg = Debug|x64
		{E0630992-F5C2-464D-A88F-C1CB70EDB996}.Debug|x64.Build.0 = Debug|x64
		{E0630992-F5C2-464D-A88F-C1CB70EDB996}.Debug|x64.Deploy.0 = Debug|x64
		{E0630992-F5C2-464D-A88F-C1CB70EDB996}.Debug|x86.ActiveCfg = Debug|x86
		{E0630992-F5C2-464D-A88F-C1CB70EDB996}.Debug|x86.Build.0 = Debug|x86
		{E0630992-F5C2-464D-A88F-C1CB70EDB996}.Debug|x86.Deploy.0 = Debug|x86
		{E0630992-F5C2-464D-A88F-C1CB70EDB996}.Release|Any CPU.ActiveCfg = Release|x86
		{E0630992-F5C2-464D-A88F-C1CB70EDB996}.Release|ARM.ActiveCfg = Release|ARM
		{E0630992-F5C2-464D-A88F-C1CB70EDB996}.Release|ARM.Build.0 = Release|ARM
		{E0630992-F5C2-464D-A88F-C1CB70EDB996}.Release|ARM.Deploy.0 = Release|ARM
		{E0630992-F5C2-464D-A88F-C1CB70EDB996}.Release|iPhone.ActiveCfg = Release|x86
		{E0630992-F5C2-464D-A88F-C1CB70EDB996}.Release|iPhoneSimulator.ActiveCfg = Release|x86
		{E0630992-F5C2-464D-A88F-C1CB70EDB996}.Release|x64.ActiveCfg = Release|x64
		{E0630992-F5C2-464D-A88F-C1CB70EDB996}.Release|x64.Build.0 = Release|x64
		{E0630992-F5C2-464D-A88F-C1CB70EDB996}.Release|x64.Deploy.0 = Release|x64
		{E0630992-F5C2-464D-A88F-C1CB70EDB996}.Release|x86.ActiveCfg = Release|x86
		{E0630992-F5C2-464D-A88F-C1CB70EDB996}.Release|x86.Build.0 = Release|x86
		{E0630992-F5C2-464D-A88F-C1CB70EDB996}.Release|x86.Deploy.0 = Release|x86
		{4C333D28-7E63-4A53-9D0A-EF9B05A81566}.Ad-Hoc|Any CPU.ActiveCfg = Release|Any CPU
		{4C333D28-7E63-4A53-9D0A-EF9B05A81566}.Ad-Hoc|Any CPU.Build.0 = Release|Any CPU
		{4C333D28-7E63-4A53-9D0A-EF9B05A81566}.Ad-Hoc|Any CPU.Deploy.0 = Release|Any CPU
		{4C333D28-7E63-4A53-9D0A-EF9B05A81566}.Ad-Hoc|ARM.ActiveCfg = Release|ARM
		{4C333D28-7E63-4A53-9D0A-EF9B05A81566}.Ad-Hoc|ARM.Build.0 = Release|ARM
		{4C333D28-7E63-4A53-9D0A-EF9B05A81566}.Ad-Hoc|ARM.Deploy.0 = Release|ARM
		{4C333D28-7E63-4A53-9D0A-EF9B05A81566}.Ad-Hoc|iPhone.ActiveCfg = Release|Any CPU
		{4C333D28-7E63-4A53-9D0A-EF9B05A81566}.Ad-Hoc|iPhone.Build.0 = Release|Any CPU
		{4C333D28-7E63-4A53-9D0A-EF9B05A81566}.Ad-Hoc|iPhone.Deploy.0 = Release|Any CPU
		{4C333D28-7E63-4A53-9D0A-EF9B05A81566}.Ad-Hoc|iPhoneSimulator.ActiveCfg = Release|Any CPU
		{4C333D28-7E63-4A53-9D0A-EF9B05A81566}.Ad-Hoc|iPhoneSimulator.Build.0 = Release|Any CPU
		{4C333D28-7E63-4A53-9D0A-EF9B05A81566}.Ad-Hoc|iPhoneSimulator.Deploy.0 = Release|Any CPU
		{4C333D28-7E63-4A53-9D0A-EF9B05A81566}.Ad-Hoc|x64.ActiveCfg = Release|x64
		{4C333D28-7E63-4A53-9D0A-EF9B05A81566}.Ad-Hoc|x64.Build.0 = Release|x64
		{4C333D28-7E63-4A53-9D0A-EF9B05A81566}.Ad-Hoc|x64.Deploy.0 = Release|x64
		{4C333D28-7E63-4A53-9D0A-EF9B05A81566}.Ad-Hoc|x86.ActiveCfg = Release|x86
		{4C333D28-7E63-4A53-9D0A-EF9B05A81566}.Ad-Hoc|x86.Build.0 = Release|x86
		{4C333D28-7E63-4A53-9D0A-EF9B05A81566}.Ad-Hoc|x86.Deploy.0 = Release|x86
		{4C333D28-7E63-4A53-9D0A-EF9B05A81566}.AppStore|Any CPU.ActiveCfg = Release|Any CPU
		{4C333D28-7E63-4A53-9D0A-EF9B05A81566}.AppStore|Any CPU.Build.0 = Release|Any CPU
		{4C333D28-7E63-4A53-9D0A-EF9B05A81566}.AppStore|Any CPU.Deploy.0 = Release|Any CPU
		{4C333D28-7E63-4A53-9D0A-EF9B05A81566}.AppStore|ARM.ActiveCfg = Release|ARM
		{4C333D28-7E63-4A53-9D0A-EF9B05A81566}.AppStore|ARM.Build.0 = Release|ARM
		{4C333D28-7E63-4A53-9D0A-EF9B05A81566}.AppStore|ARM.Deploy.0 = Release|ARM
		{4C333D28-7E63-4A53-9D0A-EF9B05A81566}.AppStore|iPhone.ActiveCfg = Release|Any CPU
		{4C333D28-7E63-4A53-9D0A-EF9B05A81566}.AppStore|iPhone.Build.0 = Release|Any CPU
		{4C333D28-7E63-4A53-9D0A-EF9B05A81566}.AppStore|iPhone.Deploy.0 = Release|Any CPU
		{4C333D28-7E63-4A53-9D0A-EF9B05A81566}.AppStore|iPhoneSimulator.ActiveCfg = Release|Any CPU
		{4C333D28-7E63-4A53-9D0A-EF9B05A81566}.AppStore|iPhoneSimulator.Build.0 = Release|Any CPU
		{4C333D28-7E63-4A53-9D0A-EF9B05A81566}.AppStore|iPhoneSimulator.Deploy.0 = Release|Any CPU
		{4C333D28-7E63-4A53-9D0A-EF9B05A81566}.AppStore|x64.ActiveCfg = Release|x64
		{4C333D28-7E63-4A53-9D0A-EF9B05A81566}.AppStore|x64.Build.0 = Release|x64
		{4C333D28-7E63-4A53-9D0A-EF9B05A81566}.AppStore|x64.Deploy.0 = Release|x64
		{4C333D28-7E63-4A53-9D0A-EF9B05A81566}.AppStore|x86.ActiveCfg = Release|x86
		{4C333D28-7E63-4A53-9D0A-EF9B05A81566}.AppStore|x86.Build.0 = Release|x86
		{4C333D28-7E63-4A53-9D0A-EF9B05A81566}.AppStore|x86.Deploy.0 = Release|x86
		{4C333D28-7E63-4A53-9D0A-EF9B05A81566}.Debug|Any CPU.ActiveCfg = Debug|Any CPU
		{4C333D28-7E63-4A53-9D0A-EF9B05A81566}.Debug|Any CPU.Build.0 = Debug|Any CPU
		{4C333D28-7E63-4A53-9D0A-EF9B05A81566}.Debug|Any CPU.Deploy.0 = Debug|Any CPU
		{4C333D28-7E63-4A53-9D0A-EF9B05A81566}.Debug|ARM.ActiveCfg = Debug|ARM
		{4C333D28-7E63-4A53-9D0A-EF9B05A81566}.Debug|ARM.Build.0 = Debug|ARM
		{4C333D28-7E63-4A53-9D0A-EF9B05A81566}.Debug|ARM.Deploy.0 = Debug|ARM
		{4C333D28-7E63-4A53-9D0A-EF9B05A81566}.Debug|iPhone.ActiveCfg = Debug|Any CPU
		{4C333D28-7E63-4A53-9D0A-EF9B05A81566}.Debug|iPhone.Build.0 = Debug|Any CPU
		{4C333D28-7E63-4A53-9D0A-EF9B05A81566}.Debug|iPhone.Deploy.0 = Debug|Any CPU
		{4C333D28-7E63-4A53-9D0A-EF9B05A81566}.Debug|iPhoneSimulator.ActiveCfg = Debug|Any CPU
		{4C333D28-7E63-4A53-9D0A-EF9B05A81566}.Debug|iPhoneSimulator.Build.0 = Debug|Any CPU
		{4C333D28-7E63-4A53-9D0A-EF9B05A81566}.Debug|iPhoneSimulator.Deploy.0 = Debug|Any CPU
		{4C333D28-7E63-4A53-9D0A-EF9B05A81566}.Debug|x64.ActiveCfg = Debug|x64
		{4C333D28-7E63-4A53-9D0A-EF9B05A81566}.Debug|x64.Build.0 = Debug|x64
		{4C333D28-7E63-4A53-9D0A-EF9B05A81566}.Debug|x64.Deploy.0 = Debug|x64
		{4C333D28-7E63-4A53-9D0A-EF9B05A81566}.Debug|x86.ActiveCfg = Debug|x86
		{4C333D28-7E63-4A53-9D0A-EF9B05A81566}.Debug|x86.Build.0 = Debug|x86
		{4C333D28-7E63-4A53-9D0A-EF9B05A81566}.Debug|x86.Deploy.0 = Debug|x86
		{4C333D28-7E63-4A53-9D0A-EF9B05A81566}.Release|Any CPU.ActiveCfg = Release|Any CPU
		{4C333D28-7E63-4A53-9D0A-EF9B05A81566}.Release|Any CPU.Build.0 = Release|Any CPU
		{4C333D28-7E63-4A53-9D0A-EF9B05A81566}.Release|Any CPU.Deploy.0 = Release|Any CPU
		{4C333D28-7E63-4A53-9D0A-EF9B05A81566}.Release|ARM.ActiveCfg = Release|ARM
		{4C333D28-7E63-4A53-9D0A-EF9B05A81566}.Release|ARM.Build.0 = Release|ARM
		{4C333D28-7E63-4A53-9D0A-EF9B05A81566}.Release|ARM.Deploy.0 = Release|ARM
		{4C333D28-7E63-4A53-9D0A-EF9B05A81566}.Release|iPhone.ActiveCfg = Release|Any CPU
		{4C333D28-7E63-4A53-9D0A-EF9B05A81566}.Release|iPhone.Build.0 = Release|Any CPU
		{4C333D28-7E63-4A53-9D0A-EF9B05A81566}.Release|iPhone.Deploy.0 = Release|Any CPU
		{4C333D28-7E63-4A53-9D0A-EF9B05A81566}.Release|iPhoneSimulator.ActiveCfg = Release|Any CPU
		{4C333D28-7E63-4A53-9D0A-EF9B05A81566}.Release|iPhoneSimulator.Build.0 = Release|Any CPU
		{4C333D28-7E63-4A53-9D0A-EF9B05A81566}.Release|iPhoneSimulator.Deploy.0 = Release|Any CPU
		{4C333D28-7E63-4A53-9D0A-EF9B05A81566}.Release|x64.ActiveCfg = Release|x64
		{4C333D28-7E63-4A53-9D0A-EF9B05A81566}.Release|x64.Build.0 = Release|x64
		{4C333D28-7E63-4A53-9D0A-EF9B05A81566}.Release|x64.Deploy.0 = Release|x64
		{4C333D28-7E63-4A53-9D0A-EF9B05A81566}.Release|x86.ActiveCfg = Release|x86
		{4C333D28-7E63-4A53-9D0A-EF9B05A81566}.Release|x86.Build.0 = Release|x86
		{4C333D28-7E63-4A53-9D0A-EF9B05A81566}.Release|x86.Deploy.0 = Release|x86
		{7A392CFA-C758-4B0C-833E-8C210E7354E5}.Ad-Hoc|Any CPU.ActiveCfg = Release|Any CPU
		{7A392CFA-C758-4B0C-833E-8C210E7354E5}.Ad-Hoc|Any CPU.Build.0 = Release|Any CPU
		{7A392CFA-C758-4B0C-833E-8C210E7354E5}.Ad-Hoc|ARM.ActiveCfg = Release|Any CPU
		{7A392CFA-C758-4B0C-833E-8C210E7354E5}.Ad-Hoc|ARM.Build.0 = Release|Any CPU
		{7A392CFA-C758-4B0C-833E-8C210E7354E5}.Ad-Hoc|iPhone.ActiveCfg = Release|Any CPU
		{7A392CFA-C758-4B0C-833E-8C210E7354E5}.Ad-Hoc|iPhone.Build.0 = Release|Any CPU
		{7A392CFA-C758-4B0C-833E-8C210E7354E5}.Ad-Hoc|iPhoneSimulator.ActiveCfg = Release|Any CPU
		{7A392CFA-C758-4B0C-833E-8C210E7354E5}.Ad-Hoc|iPhoneSimulator.Build.0 = Release|Any CPU
		{7A392CFA-C758-4B0C-833E-8C210E7354E5}.Ad-Hoc|x64.ActiveCfg = Release|Any CPU
		{7A392CFA-C758-4B0C-833E-8C210E7354E5}.Ad-Hoc|x64.Build.0 = Release|Any CPU
		{7A392CFA-C758-4B0C-833E-8C210E7354E5}.Ad-Hoc|x86.ActiveCfg = Release|Any CPU
		{7A392CFA-C758-4B0C-833E-8C210E7354E5}.Ad-Hoc|x86.Build.0 = Release|Any CPU
		{7A392CFA-C758-4B0C-833E-8C210E7354E5}.AppStore|Any CPU.ActiveCfg = Release|Any CPU
		{7A392CFA-C758-4B0C-833E-8C210E7354E5}.AppStore|Any CPU.Build.0 = Release|Any CPU
		{7A392CFA-C758-4B0C-833E-8C210E7354E5}.AppStore|ARM.ActiveCfg = Release|Any CPU
		{7A392CFA-C758-4B0C-833E-8C210E7354E5}.AppStore|ARM.Build.0 = Release|Any CPU
		{7A392CFA-C758-4B0C-833E-8C210E7354E5}.AppStore|iPhone.ActiveCfg = Release|Any CPU
		{7A392CFA-C758-4B0C-833E-8C210E7354E5}.AppStore|iPhone.Build.0 = Release|Any CPU
		{7A392CFA-C758-4B0C-833E-8C210E7354E5}.AppStore|iPhoneSimulator.ActiveCfg = Release|Any CPU
		{7A392CFA-C758-4B0C-833E-8C210E7354E5}.AppStore|iPhoneSimulator.Build.0 = Release|Any CPU
		{7A392CFA-C758-4B0C-833E-8C210E7354E5}.AppStore|x64.ActiveCfg = Release|Any CPU
		{7A392CFA-C758-4B0C-833E-8C210E7354E5}.AppStore|x64.Build.0 = Release|Any CPU
		{7A392CFA-C758-4B0C-833E-8C210E7354E5}.AppStore|x86.ActiveCfg = Release|Any CPU
		{7A392CFA-C758-4B0C-833E-8C210E7354E5}.AppStore|x86.Build.0 = Release|Any CPU
		{7A392CFA-C758-4B0C-833E-8C210E7354E5}.Debug|Any CPU.ActiveCfg = Debug|Any CPU
		{7A392CFA-C758-4B0C-833E-8C210E7354E5}.Debug|Any CPU.Build.0 = Debug|Any CPU
		{7A392CFA-C758-4B0C-833E-8C210E7354E5}.Debug|ARM.ActiveCfg = Debug|Any CPU
		{7A392CFA-C758-4B0C-833E-8C210E7354E5}.Debug|ARM.Build.0 = Debug|Any CPU
		{7A392CFA-C758-4B0C-833E-8C210E7354E5}.Debug|iPhone.ActiveCfg = Debug|Any CPU
		{7A392CFA-C758-4B0C-833E-8C210E7354E5}.Debug|iPhone.Build.0 = Debug|Any CPU
		{7A392CFA-C758-4B0C-833E-8C210E7354E5}.Debug|iPhoneSimulator.ActiveCfg = Debug|Any CPU
		{7A392CFA-C758-4B0C-833E-8C210E7354E5}.Debug|iPhoneSimulator.Build.0 = Debug|Any CPU
		{7A392CFA-C758-4B0C-833E-8C210E7354E5}.Debug|x64.ActiveCfg = Debug|Any CPU
		{7A392CFA-C758-4B0C-833E-8C210E7354E5}.Debug|x64.Build.0 = Debug|Any CPU
		{7A392CFA-C758-4B0C-833E-8C210E7354E5}.Debug|x86.ActiveCfg = Debug|Any CPU
		{7A392CFA-C758-4B0C-833E-8C210E7354E5}.Debug|x86.Build.0 = Debug|Any CPU
		{7A392CFA-C758-4B0C-833E-8C210E7354E5}.Release|Any CPU.ActiveCfg = Release|Any CPU
		{7A392CFA-C758-4B0C-833E-8C210E7354E5}.Release|Any CPU.Build.0 = Release|Any CPU
		{7A392CFA-C758-4B0C-833E-8C210E7354E5}.Release|ARM.ActiveCfg = Release|Any CPU
		{7A392CFA-C758-4B0C-833E-8C210E7354E5}.Release|ARM.Build.0 = Release|Any CPU
		{7A392CFA-C758-4B0C-833E-8C210E7354E5}.Release|iPhone.ActiveCfg = Release|Any CPU
		{7A392CFA-C758-4B0C-833E-8C210E7354E5}.Release|iPhone.Build.0 = Release|Any CPU
		{7A392CFA-C758-4B0C-833E-8C210E7354E5}.Release|iPhoneSimulator.ActiveCfg = Release|Any CPU
		{7A392CFA-C758-4B0C-833E-8C210E7354E5}.Release|iPhoneSimulator.Build.0 = Release|Any CPU
		{7A392CFA-C758-4B0C-833E-8C210E7354E5}.Release|x64.ActiveCfg = Release|Any CPU
		{7A392CFA-C758-4B0C-833E-8C210E7354E5}.Release|x64.Build.0 = Release|Any CPU
		{7A392CFA-C758-4B0C-833E-8C210E7354E5}.Release|x86.ActiveCfg = Release|Any CPU
		{7A392CFA-C758-4B0C-833E-8C210E7354E5}.Release|x86.Build.0 = Release|Any CPU
	EndGlobalSection
	GlobalSection(SolutionProperties) = preSolution
		HideSolutionNode = FALSE
	EndGlobalSection
EndGlobal
